schema: '2.0'
stages:
  rgpd:
    cmd: python -m jupyter nbconvert --to notebook --execute 
      --ExecutePreprocessor.timeout=1800 
      --ExecutePreprocessor.kernel_name=python3 --output-dir reports/notebooks 
      notebooks/00_conformite_rgpd_anonymisation.ipynb
    deps:
    - path: Examen_cas d'usage candidat/churn_saas_complet.csv
      hash: md5
      md5: 2b44e1405bf6a5c13cc71652cc90cf34
      size: 727622
    - path: notebooks/00_conformite_rgpd_anonymisation.ipynb
      hash: md5
      md5: 96005aecde2ec21ddf0549636a5a37ca
      size: 43107
    outs:
    - path: data/rgpd/keymap_client_id.parquet
      hash: md5
      md5: 78f86afa611248aec989dadadea2f4f4
      size: 127354
    - path: data/rgpd/keymap_secret.json
      hash: md5
      md5: 7f43f96279937d53ce9960225bc9d11d
      size: 269
    - path: data/rgpd/rgpd_gate_manifest.json
      hash: md5
      md5: 16bf221018397868579f62c140f92756
      size: 878
    - path: reports/notebooks/00_conformite_rgpd_anonymisation.ipynb
      hash: md5
      md5: 98f9a5aaec83908e9dd156234e767707
      size: 43107
  bronze:
    cmd: python -m jupyter nbconvert --to notebook --execute 
      --ExecutePreprocessor.timeout=1800 
      --ExecutePreprocessor.kernel_name=python3 --output-dir reports/notebooks 
      notebooks/01_ingestion_bronze.ipynb
    deps:
    - path: Examen_cas d'usage candidat/catalogue_plans.csv
      hash: md5
      md5: 6e1d25ff7514ef0766625891ac1dac57
      size: 203
    - path: Examen_cas d'usage candidat/churn_saas_complet.csv
      hash: md5
      md5: 2b44e1405bf6a5c13cc71652cc90cf34
      size: 727622
    - path: Examen_cas d'usage candidat/churn_saas_echantillon.csv
      hash: md5
      md5: 30c65edbe30ae1616cc930223d25678c
      size: 7824
    - path: data/rgpd/rgpd_gate_manifest.json
      hash: md5
      md5: 16bf221018397868579f62c140f92756
      size: 878
    - path: notebooks/01_ingestion_bronze.ipynb
      hash: md5
      md5: b906380216043c6d69bf36d95802e49f
      size: 32830
    outs:
    - path: data/bronze/bronze_manifest.json
      hash: md5
      md5: 901e86ae7092fb6ea733abba26d45885
      size: 3610
    - path: data/bronze/catalogue_plans_bronze.parquet
      hash: md5
      md5: f0f1f1eecdc870e339c125ac6f1bda1d
      size: 5452
    - path: data/bronze/clients_churn_bronze.parquet
      hash: md5
      md5: 3f8bcf6ca41068b84836df286b215596
      size: 244308
    - path: data/bronze/clients_churn_echantillon_bronze.parquet
      hash: md5
      md5: 5975404d14778457dff3059dd2883edf
      size: 23272
    - path: reports/notebooks/01_ingestion_bronze.ipynb
      hash: md5
      md5: 01ce28183bd012eb47eaec173b126a57
      size: 32830
  silver:
    cmd: python -m jupyter nbconvert --to notebook --execute 
      --ExecutePreprocessor.timeout=1800 
      --ExecutePreprocessor.kernel_name=python3 --output-dir reports/notebooks 
      notebooks/02_nettoyage_silver.ipynb
    deps:
    - path: data/bronze/catalogue_plans_bronze.parquet
      hash: md5
      md5: f0f1f1eecdc870e339c125ac6f1bda1d
      size: 5452
    - path: data/bronze/clients_churn_bronze.parquet
      hash: md5
      md5: 3f8bcf6ca41068b84836df286b215596
      size: 244308
    - path: notebooks/02_nettoyage_silver.ipynb
      hash: md5
      md5: 3777529f60e00bed70f5239d7e18271f
      size: 33069
    outs:
    - path: data/silver/clients_churn_silver.parquet
      hash: md5
      md5: e5dc53f8fc0e1a62741b60b333d1cb64
      size: 222370
    - path: data/silver/silver_manifest.json
      hash: md5
      md5: 8587dd0e3646633bc532afa5a1cdbb63
      size: 2035
    - path: reports/notebooks/02_nettoyage_silver.ipynb
      hash: md5
      md5: 02c2f83aeea24d5b95689b8c48a22349
      size: 33069
  gold:
    cmd: python -m jupyter nbconvert --to notebook --execute 
      --ExecutePreprocessor.timeout=1800 
      --ExecutePreprocessor.kernel_name=python3 --output-dir reports/notebooks 
      notebooks/03_preparation_gold.ipynb
    deps:
    - path: data/silver/clients_churn_silver.parquet
      hash: md5
      md5: e5dc53f8fc0e1a62741b60b333d1cb64
      size: 222370
    - path: notebooks/03_preparation_gold.ipynb
      hash: md5
      md5: d65b797456ea30d1663787e2b15b03f2
      size: 52938
    outs:
    - path: data/gold/clients_churn_gold.parquet
      hash: md5
      md5: 2044014d174f581343bea7685121d534
      size: 218818
    - path: data/gold/gold_manifest.json
      hash: md5
      md5: 8946db3bfb2fa830950e34bb8a49e37b
      size: 4665
    - path: reports/notebooks/03_preparation_gold.ipynb
      hash: md5
      md5: 25c7b82e72b803f37be3b47fc0218040
      size: 52834
  train_churn:
    cmd: python -m jupyter nbconvert --to notebook --execute 
      --ExecutePreprocessor.timeout=1800 
      --ExecutePreprocessor.kernel_name=python3 --output-dir reports/notebooks 
      notebooks/04_modelisation_churn.ipynb
    deps:
    - path: data/gold/clients_churn_gold.parquet
      hash: md5
      md5: 2044014d174f581343bea7685121d534
      size: 218818
    - path: data/gold/gold_manifest.json
      hash: md5
      md5: 8946db3bfb2fa830950e34bb8a49e37b
      size: 4665
    - path: notebooks/04_modelisation_churn.ipynb
      hash: md5
      md5: ec7431a1f9b43fb88fe58cf830ecdf53
      size: 217229
    - path: src/tracking.py
      hash: md5
      md5: 56e16825571b32ec4f3b319e9a74b418
      size: 4542
    outs:
    - path: data/model/courbes_roc_pr.png
      hash: md5
      md5: 119f60e33a5f7beb84ff2c410b5687a6
      size: 88815
    - path: data/model/cout_seuil_sensibilite.png
      hash: md5
      md5: fdf7fd69147046a7207b810e374cdc57
      size: 58705
    - path: data/model/metrics.json
      hash: md5
      md5: 798303fefb8d9efab9a7ecebe21e32d3
      size: 1765
    - path: data/model/model.joblib
      hash: md5
      md5: 5fc8182b78c1b7b38a5c060d096f0ba3
      size: 7889
    - path: data/model/model_card.md
      hash: md5
      md5: c48c2a51f04e03599184420879352eb7
      size: 1541
    - path: data/model/model_manifest.json
      hash: md5
      md5: b04ba2dc235d939769c5bd9c0014596a
      size: 3499
    - path: reports/notebooks/04_modelisation_churn.ipynb
      hash: md5
      md5: ffee99d03bf0758e84e0b5f560c2229b
      size: 218861
  train_clv:
    cmd: python -m jupyter nbconvert --to notebook --execute 
      --ExecutePreprocessor.timeout=1800 
      --ExecutePreprocessor.kernel_name=python3 --output-dir reports/notebooks 
      notebooks/05_modelisation_clv.ipynb
    deps:
    - path: data/gold/clients_churn_gold.parquet
      hash: md5
      md5: 2044014d174f581343bea7685121d534
      size: 218818
    - path: data/gold/gold_manifest.json
      hash: md5
      md5: 8946db3bfb2fa830950e34bb8a49e37b
      size: 4665
    - path: notebooks/05_modelisation_clv.ipynb
      hash: md5
      md5: 9518c870a7f2f9ec9fec13cbdc91210f
      size: 178942
    - path: src/tracking.py
      hash: md5
      md5: 56e16825571b32ec4f3b319e9a74b418
      size: 4542
    outs:
    - path: data/model/clv_reel_vs_predit.png
      hash: md5
      md5: 2e7635cc64db64923bdddda72360e2f7
      size: 143741
    - path: data/model/metrics_clv.json
      hash: md5
      md5: 7381cacdf1cb405ada8658ab36695eb8
      size: 1133
    - path: data/model/model_card_clv.md
      hash: md5
      md5: 70faf84724ff577f48e789e8674ce3f1
      size: 1167
    - path: data/model/model_clv.joblib
      hash: md5
      md5: 819742b62baeb8010fb185c6749d2c41
      size: 62538058
    - path: data/model/model_clv_manifest.json
      hash: md5
      md5: 32a0ef21feea99f94937ac90894263bb
      size: 2809
    - path: reports/notebooks/05_modelisation_clv.ipynb
      hash: md5
      md5: df72e66981b5ffada5ec4763bf5d444a
      size: 180549
  scoring:
    cmd: python -m jupyter nbconvert --to notebook --execute 
      --ExecutePreprocessor.timeout=1800 
      --ExecutePreprocessor.kernel_name=python3 --output-dir reports/notebooks 
      notebooks/06_implementation_scoring.ipynb
    deps:
    - path: data/gold/clients_churn_gold.parquet
      hash: md5
      md5: 2044014d174f581343bea7685121d534
      size: 218818
    - path: data/gold/gold_manifest.json
      hash: md5
      md5: 8946db3bfb2fa830950e34bb8a49e37b
      size: 4665
    - path: data/model/model.joblib
      hash: md5
      md5: 5fc8182b78c1b7b38a5c060d096f0ba3
      size: 7889
    - path: data/model/model_clv.joblib
      hash: md5
      md5: 819742b62baeb8010fb185c6749d2c41
      size: 62538058
    - path: notebooks/06_implementation_scoring.ipynb
      hash: md5
      md5: 5ad53177d363a17f40853aa7679878fd
      size: 44770
    outs:
    - path: data/model/scoring_exemple_cycle.parquet
      hash: md5
      md5: 8d619e0956f47ef8a540c51e43776a8a
      size: 20777
    - path: data/model/scoring_manifest.json
      hash: md5
      md5: c7a911a9d7062bda882d003e16be7ea3
      size: 1681
    - path: reports/notebooks/06_implementation_scoring.ipynb
      hash: md5
      md5: 24c228d94e33e1011cad3f26150f86ac
      size: 44770
  certification:
    cmd: python -m jupyter nbconvert --to notebook --execute 
      --ExecutePreprocessor.timeout=1800 
      --ExecutePreprocessor.kernel_name=python3 --output-dir reports/notebooks 
      notebooks/notebook_certifiant_churn_saas.ipynb
    deps:
    - path: Examen_cas d'usage candidat/catalogue_plans.csv
      hash: md5
      md5: 6e1d25ff7514ef0766625891ac1dac57
      size: 203
    - path: Examen_cas d'usage candidat/churn_saas_complet.csv
      hash: md5
      md5: 2b44e1405bf6a5c13cc71652cc90cf34
      size: 727622
    - path: Examen_cas d'usage candidat/churn_saas_echantillon.csv
      hash: md5
      md5: 30c65edbe30ae1616cc930223d25678c
      size: 7824
    - path: data/gold/clients_churn_gold.parquet
      hash: md5
      md5: 2044014d174f581343bea7685121d534
      size: 218818
    - path: data/gold/gold_manifest.json
      hash: md5
      md5: 8946db3bfb2fa830950e34bb8a49e37b
      size: 4665
    - path: data/model/model.joblib
      hash: md5
      md5: 5fc8182b78c1b7b38a5c060d096f0ba3
      size: 7889
    - path: data/model/model_manifest.json
      hash: md5
      md5: b04ba2dc235d939769c5bd9c0014596a
      size: 3499
    - path: data/rgpd/rgpd_gate_manifest.json
      hash: md5
      md5: 16bf221018397868579f62c140f92756
      size: 878
    - path: notebooks/notebook_certifiant_churn_saas.ipynb
      hash: md5
      md5: 5612613c3816bd1446a51a61f4e83792
      size: 198863
    - path: src/api.py
      hash: md5
      md5: 002411dd1030ead9d09ef768b98df2fe
      size: 8315
    - path: src/bronze.py
      hash: md5
      md5: c9ee95d65a299dbb0ccb9e5cdcdc66a8
      size: 2290
    - path: src/drift.py
      hash: md5
      md5: ebb4e5c2cb4a3cdcb42279bb37a89933
      size: 2830
    - path: src/features.py
      hash: md5
      md5: 1c399a7ac34e613dc17b03c51a5aac87
      size: 2847
    - path: src/gold.py
      hash: md5
      md5: 6b92e4b21c9761c89a13b4a2ed02ccf2
      size: 8736
    - path: src/scoring.py
      hash: md5
      md5: a4736cd07d9403e7f50d9d93887db164
      size: 4163
    - path: src/silver.py
      hash: md5
      md5: eb0d5535e89ba5d58999860fd91bfafd
      size: 8103
    - path: src/tracking.py
      hash: md5
      md5: 56e16825571b32ec4f3b319e9a74b418
      size: 4542
    - path: src/versioning.py
      hash: md5
      md5: 5943ea9ac2baa95851ab942772123868
      size: 1151
    outs:
    - path: data/gold/clients_churn_gold_v2.parquet
      hash: md5
      md5: f3c1963c441e6abee1194763df91e936
      size: 200600
    - path: data/gold/gold_fiche_identite_v2.md
      hash: md5
      md5: 13ddd18ff9ba2600a9ec9e147036a702
      size: 1123
    - path: data/gold/gold_v2_manifest.json
      hash: md5
      md5: c9c0445bfe20c97ebb76fd59e6576e4e
      size: 2083
    - path: data/model_v2/figures
      hash: md5
      md5: 778fe6b6269ef1f724b8ba5de40d5cee.dir
      size: 838623
      nfiles: 16
    - path: data/model_v2/metrics.json
      hash: md5
      md5: f6bac67157996143182ed665fef78af6
      size: 435
    - path: data/model_v2/metrics_clv.json
      hash: md5
      md5: 3379a32bd168943bf9ff45cdac5fff25
      size: 242
    - path: data/model_v2/model.joblib
      hash: md5
      md5: c85f271b71f3ef6cd2ca050018d79149
      size: 6058
    - path: data/model_v2/model_clv.joblib
      hash: md5
      md5: 380e91cd320cac6c760299eccdafa983
      size: 1467282
    - path: data/model_v2/model_manifest.json
      hash: md5
      md5: a00679175da8ae8f9bf9c8262d0883f4
      size: 2115
    - path: data/model_v2/scoring_exemple_cycle.parquet
      hash: md5
      md5: e6e87f657b380b585eeda753fe134ee1
      size: 21063
    - path: data/model_v2/scoring_manifest.json
      hash: md5
      md5: 4c3d8a624c2843b4055eaf69b86eb64a
      size: 840
    - path: reports/notebooks/notebook_certifiant_churn_saas.ipynb
      hash: md5
      md5: 90aafc47f46c44fd6ead9c3f0971e947
      size: 1285618
