schema: '2.0'
stages:
  rgpd:
    cmd: python -m jupyter nbconvert --to notebook --execute 
      --ExecutePreprocessor.timeout=1800 
      --ExecutePreprocessor.kernel_name=python3 --output-dir reports/notebooks 
      notebooks/00_conformite_rgpd_anonymisation.ipynb
    deps:
    - path: Examen_cas d'usage candidat/churn_saas_complet.csv
      hash: md5
      md5: 2b44e1405bf6a5c13cc71652cc90cf34
      size: 727622
    - path: notebooks/00_conformite_rgpd_anonymisation.ipynb
      hash: md5
      md5: 96005aecde2ec21ddf0549636a5a37ca
      size: 43107
    outs:
    - path: data/rgpd/keymap_client_id.parquet
      hash: md5
      md5: 5f5a0b9cde223117695a8bb5fbbe9230
      size: 127240
    - path: data/rgpd/keymap_secret.json
      hash: md5
      md5: 49bcce74f1ed753ff24b4bb16098cfcd
      size: 269
    - path: data/rgpd/rgpd_gate_manifest.json
      hash: md5
      md5: 9a22a783c778860f1236bc80aeac31f8
      size: 878
    - path: reports/notebooks/00_conformite_rgpd_anonymisation.ipynb
      hash: md5
      md5: 59da99bd99b289e9ddb6647df264a938
      size: 43107
  bronze:
    cmd: python -m jupyter nbconvert --to notebook --execute 
      --ExecutePreprocessor.timeout=1800 
      --ExecutePreprocessor.kernel_name=python3 --output-dir reports/notebooks 
      notebooks/01_ingestion_bronze.ipynb
    deps:
    - path: Examen_cas d'usage candidat/catalogue_plans.csv
      hash: md5
      md5: 6e1d25ff7514ef0766625891ac1dac57
      size: 203
    - path: Examen_cas d'usage candidat/churn_saas_complet.csv
      hash: md5
      md5: 2b44e1405bf6a5c13cc71652cc90cf34
      size: 727622
    - path: Examen_cas d'usage candidat/churn_saas_echantillon.csv
      hash: md5
      md5: 30c65edbe30ae1616cc930223d25678c
      size: 7824
    - path: data/rgpd/rgpd_gate_manifest.json
      hash: md5
      md5: 9a22a783c778860f1236bc80aeac31f8
      size: 878
    - path: notebooks/01_ingestion_bronze.ipynb
      hash: md5
      md5: b906380216043c6d69bf36d95802e49f
      size: 32830
    outs:
    - path: data/bronze/bronze_manifest.json
      hash: md5
      md5: 91095a2a9b16c0abdd424b381a7e73d0
      size: 3610
    - path: data/bronze/catalogue_plans_bronze.parquet
      hash: md5
      md5: 02a14a8826e28f68e7cd1c7034a1e0a0
      size: 5452
    - path: data/bronze/clients_churn_bronze.parquet
      hash: md5
      md5: 5a43056e65a6d012a9d5872f9f4800c7
      size: 244308
    - path: data/bronze/clients_churn_echantillon_bronze.parquet
      hash: md5
      md5: b5ca3ee5b2017598f03d836089924cc3
      size: 23272
    - path: reports/notebooks/01_ingestion_bronze.ipynb
      hash: md5
      md5: 59763bfbdf321601b1d20d1b36e40b76
      size: 32830
  silver:
    cmd: python -m jupyter nbconvert --to notebook --execute 
      --ExecutePreprocessor.timeout=1800 
      --ExecutePreprocessor.kernel_name=python3 --output-dir reports/notebooks 
      notebooks/02_nettoyage_silver.ipynb
    deps:
    - path: data/bronze/catalogue_plans_bronze.parquet
      hash: md5
      md5: 02a14a8826e28f68e7cd1c7034a1e0a0
      size: 5452
    - path: data/bronze/clients_churn_bronze.parquet
      hash: md5
      md5: 5a43056e65a6d012a9d5872f9f4800c7
      size: 244308
    - path: notebooks/02_nettoyage_silver.ipynb
      hash: md5
      md5: 3777529f60e00bed70f5239d7e18271f
      size: 33069
    outs:
    - path: data/silver/clients_churn_silver.parquet
      hash: md5
      md5: e5dc53f8fc0e1a62741b60b333d1cb64
      size: 222370
    - path: data/silver/silver_manifest.json
      hash: md5
      md5: e6eeeccaebf4a7fa74318e770dff342d
      size: 2035
    - path: reports/notebooks/02_nettoyage_silver.ipynb
      hash: md5
      md5: 4315c66a970417d7521257aec3a4b5db
      size: 33069
  gold:
    cmd: python -m jupyter nbconvert --to notebook --execute 
      --ExecutePreprocessor.timeout=1800 
      --ExecutePreprocessor.kernel_name=python3 --output-dir reports/notebooks 
      notebooks/03_preparation_gold.ipynb
    deps:
    - path: data/silver/clients_churn_silver.parquet
      hash: md5
      md5: e5dc53f8fc0e1a62741b60b333d1cb64
      size: 222370
    - path: notebooks/03_preparation_gold.ipynb
      hash: md5
      md5: d65b797456ea30d1663787e2b15b03f2
      size: 52938
    outs:
    - path: data/gold/clients_churn_gold.parquet
      hash: md5
      md5: 2044014d174f581343bea7685121d534
      size: 218818
    - path: data/gold/gold_manifest.json
      hash: md5
      md5: b5c9335ff54f32319440f4ecf0d611ed
      size: 4665
    - path: reports/notebooks/03_preparation_gold.ipynb
      hash: md5
      md5: 4d4feae7d7c8c628519e9159e57fe088
      size: 52834
  train_churn:
    cmd: python -m jupyter nbconvert --to notebook --execute 
      --ExecutePreprocessor.timeout=1800 
      --ExecutePreprocessor.kernel_name=python3 --output-dir reports/notebooks 
      notebooks/04_modelisation_churn.ipynb
    deps:
    - path: data/gold/clients_churn_gold.parquet
      hash: md5
      md5: 2044014d174f581343bea7685121d534
      size: 218818
    - path: data/gold/gold_manifest.json
      hash: md5
      md5: b5c9335ff54f32319440f4ecf0d611ed
      size: 4665
    - path: notebooks/04_modelisation_churn.ipynb
      hash: md5
      md5: ec7431a1f9b43fb88fe58cf830ecdf53
      size: 217229
    - path: src/tracking.py
      hash: md5
      md5: 0108bc971a8fb22e626e4a1548fcdba0
      size: 4439
    outs:
    - path: data/model/courbes_roc_pr.png
      hash: md5
      md5: 119f60e33a5f7beb84ff2c410b5687a6
      size: 88815
    - path: data/model/cout_seuil_sensibilite.png
      hash: md5
      md5: fdf7fd69147046a7207b810e374cdc57
      size: 58705
    - path: data/model/metrics.json
      hash: md5
      md5: 798303fefb8d9efab9a7ecebe21e32d3
      size: 1765
    - path: data/model/model.joblib
      hash: md5
      md5: 5fc8182b78c1b7b38a5c060d096f0ba3
      size: 7889
    - path: data/model/model_card.md
      hash: md5
      md5: c48c2a51f04e03599184420879352eb7
      size: 1541
    - path: data/model/model_manifest.json
      hash: md5
      md5: 2ce478b14cafbe4f60a6d51495050c31
      size: 3499
    - path: reports/notebooks/04_modelisation_churn.ipynb
      hash: md5
      md5: 62931f87bb8c7ae57ee4a38a5f95c651
      size: 218615
  train_clv:
    cmd: python -m jupyter nbconvert --to notebook --execute 
      --ExecutePreprocessor.timeout=1800 
      --ExecutePreprocessor.kernel_name=python3 --output-dir reports/notebooks 
      notebooks/05_modelisation_clv.ipynb
    deps:
    - path: data/gold/clients_churn_gold.parquet
      hash: md5
      md5: 2044014d174f581343bea7685121d534
      size: 218818
    - path: data/gold/gold_manifest.json
      hash: md5
      md5: b5c9335ff54f32319440f4ecf0d611ed
      size: 4665
    - path: notebooks/05_modelisation_clv.ipynb
      hash: md5
      md5: 9518c870a7f2f9ec9fec13cbdc91210f
      size: 178942
    - path: src/tracking.py
      hash: md5
      md5: 0108bc971a8fb22e626e4a1548fcdba0
      size: 4439
    outs:
    - path: data/model/clv_reel_vs_predit.png
      hash: md5
      md5: 2e7635cc64db64923bdddda72360e2f7
      size: 143741
    - path: data/model/metrics_clv.json
      hash: md5
      md5: 393f373996c2b7eac3917c6cb29d9bc9
      size: 1133
    - path: data/model/model_card_clv.md
      hash: md5
      md5: 70faf84724ff577f48e789e8674ce3f1
      size: 1167
    - path: data/model/model_clv.joblib
      hash: md5
      md5: 819742b62baeb8010fb185c6749d2c41
      size: 62538058
    - path: data/model/model_clv_manifest.json
      hash: md5
      md5: 45bfee71e6ca0fad95bbfb429cd1a39c
      size: 2809
    - path: reports/notebooks/05_modelisation_clv.ipynb
      hash: md5
      md5: 1c87a9de782cb4f1e1c06b85097a6a7b
      size: 180006
  scoring:
    cmd: python -m jupyter nbconvert --to notebook --execute 
      --ExecutePreprocessor.timeout=1800 
      --ExecutePreprocessor.kernel_name=python3 --output-dir reports/notebooks 
      notebooks/06_implementation_scoring.ipynb
    deps:
    - path: data/gold/clients_churn_gold.parquet
      hash: md5
      md5: 2044014d174f581343bea7685121d534
      size: 218818
    - path: data/gold/gold_manifest.json
      hash: md5
      md5: b5c9335ff54f32319440f4ecf0d611ed
      size: 4665
    - path: data/model/model.joblib
      hash: md5
      md5: 5fc8182b78c1b7b38a5c060d096f0ba3
      size: 7889
    - path: data/model/model_clv.joblib
      hash: md5
      md5: 819742b62baeb8010fb185c6749d2c41
      size: 62538058
    - path: notebooks/06_implementation_scoring.ipynb
      hash: md5
      md5: 5ad53177d363a17f40853aa7679878fd
      size: 44770
    outs:
    - path: data/model/scoring_exemple_cycle.parquet
      hash: md5
      md5: 8d619e0956f47ef8a540c51e43776a8a
      size: 20777
    - path: data/model/scoring_manifest.json
      hash: md5
      md5: 6e9332669b881e00032a6287691d0dc5
      size: 1681
    - path: reports/notebooks/06_implementation_scoring.ipynb
      hash: md5
      md5: eb5741a7f87cabe0f1a31c53b6c2fddf
      size: 44770
  certification:
    cmd: python -m jupyter nbconvert --to notebook --execute 
      --ExecutePreprocessor.timeout=1800 
      --ExecutePreprocessor.kernel_name=python3 --output-dir reports/notebooks 
      notebooks/notebook_certifiant_churn_saas.ipynb
    deps:
    - path: Examen_cas d'usage candidat/catalogue_plans.csv
      hash: md5
      md5: 6e1d25ff7514ef0766625891ac1dac57
      size: 203
    - path: Examen_cas d'usage candidat/churn_saas_complet.csv
      hash: md5
      md5: 2b44e1405bf6a5c13cc71652cc90cf34
      size: 727622
    - path: Examen_cas d'usage candidat/churn_saas_echantillon.csv
      hash: md5
      md5: 30c65edbe30ae1616cc930223d25678c
      size: 7824
    - path: data/gold/clients_churn_gold.parquet
      hash: md5
      md5: 2044014d174f581343bea7685121d534
      size: 218818
    - path: data/gold/gold_manifest.json
      hash: md5
      md5: b5c9335ff54f32319440f4ecf0d611ed
      size: 4665
    - path: data/model/model.joblib
      hash: md5
      md5: 5fc8182b78c1b7b38a5c060d096f0ba3
      size: 7889
    - path: data/model/model_manifest.json
      hash: md5
      md5: 2ce478b14cafbe4f60a6d51495050c31
      size: 3499
    - path: data/rgpd/rgpd_gate_manifest.json
      hash: md5
      md5: 9a22a783c778860f1236bc80aeac31f8
      size: 878
    - path: knowledge/base_connaissance.yaml
      hash: md5
      md5: 6c284e3555cf9ac15d90493b990711ba
      size: 11314
    - path: notebooks/notebook_certifiant_churn_saas.ipynb
      hash: md5
      md5: 067aedcca92ebb4d5e9318adeb3a6d25
      size: 314833
    - path: src/api.py
      hash: md5
      md5: 6839f7991099a5e225b4a2d049a083ab
      size: 11651
    - path: src/bronze.py
      hash: md5
      md5: c9ee95d65a299dbb0ccb9e5cdcdc66a8
      size: 2290
    - path: src/drift.py
      hash: md5
      md5: ebb4e5c2cb4a3cdcb42279bb37a89933
      size: 2830
    - path: src/explain.py
      hash: md5
      md5: 6c5d7ae9b8e522fba18552ee7965210e
      size: 21273
    - path: src/features.py
      hash: md5
      md5: 7d1335d3dc6215bdeb3533e83f730366
      size: 4575
    - path: src/gold.py
      hash: md5
      md5: 6b92e4b21c9761c89a13b4a2ed02ccf2
      size: 8736
    - path: src/scoring.py
      hash: md5
      md5: db6247d75299722fa5ea1012c746a259
      size: 4463
    - path: src/silver.py
      hash: md5
      md5: 2754b0cf2c55f474210fa649c8731ae1
      size: 7912
    - path: src/tracking.py
      hash: md5
      md5: 0108bc971a8fb22e626e4a1548fcdba0
      size: 4439
    - path: src/versioning.py
      hash: md5
      md5: 5943ea9ac2baa95851ab942772123868
      size: 1151
    outs:
    - path: data/gold/clients_churn_gold_v2.parquet
      hash: md5
      md5: 87bf854eb19f70016661397341845d24
      size: 200436
    - path: data/gold/gold_fiche_identite_v2.md
      hash: md5
      md5: 32c81bd98915345081bc1045b5f1e1cd
      size: 1261
    - path: data/gold/gold_v2_manifest.json
      hash: md5
      md5: 4086ca5a48d243234d113e8aba09aadf
      size: 2146
    - path: data/model_v2/explication_reference.json
      hash: md5
      md5: 1f15afafa31ce8269f035f3b44893496
      size: 5804
    - path: data/model_v2/figures
      hash: md5
      md5: cfa6381f4041d4b726da38cb53ac2b41.dir
      size: 1267143
      nfiles: 19
    - path: data/model_v2/metrics.json
      hash: md5
      md5: e6768678bc0dc5fe9765cb33fa79b3b6
      size: 435
    - path: data/model_v2/metrics_clv.json
      hash: md5
      md5: bad4ce3fca156e95502a17ec3caed550
      size: 243
    - path: data/model_v2/model.joblib
      hash: md5
      md5: 4ab0ed181cab6c9df936ac05ca4d12fa
      size: 6058
    - path: data/model_v2/model_clv.joblib
      hash: md5
      md5: 04a4f9baee362ad4591a5c34f96c6310
      size: 1467186
    - path: data/model_v2/model_manifest.json
      hash: md5
      md5: ac5042d5423a7d6fb0a3ff91c663be72
      size: 2119
    - path: data/model_v2/scoring_exemple_cycle.parquet
      hash: md5
      md5: c1e4cf6edfa294f558df8efc6afafb70
      size: 21006
    - path: data/model_v2/scoring_manifest.json
      hash: md5
      md5: 64bf5910a1673c61de282a761f33723f
      size: 841
    - path: reports/notebooks/notebook_certifiant_churn_saas.ipynb
      hash: md5
      md5: 0c9d7004c913164ebe98272962ff21b2
      size: 1960155
  lots_simules:
    cmd: python scripts/simuler_lots_mensuels.py
    deps:
    - path: Examen_cas d'usage candidat/catalogue_plans.csv
      hash: md5
      md5: 6e1d25ff7514ef0766625891ac1dac57
      size: 203
    - path: Examen_cas d'usage candidat/churn_saas_complet.csv
      hash: md5
      md5: 2b44e1405bf6a5c13cc71652cc90cf34
      size: 727622
    - path: scripts/simuler_lots_mensuels.py
      hash: md5
      md5: 43bc9c2f15ab9c9174bdf7d69850a66e
      size: 3260
    - path: src/bronze.py
      hash: md5
      md5: c9ee95d65a299dbb0ccb9e5cdcdc66a8
      size: 2290
    - path: src/production.py
      hash: md5
      md5: 807722aa99ed7c4c435c7a8ea1168b39
      size: 9547
    - path: src/silver.py
      hash: md5
      md5: 2754b0cf2c55f474210fa649c8731ae1
      size: 7912
    outs:
    - path: data/production/lots_simules_manifest.json
      hash: md5
      md5: 9c757f4cca988da35bac270aeaccc29c
      size: 1511
    - path: data/production/m1_derive/export_crm.csv
      hash: md5
      md5: bbef61976a9a0baa7d0d32407511ac99
      size: 667978
    - path: data/production/m1_stable/export_crm.csv
      hash: md5
      md5: a2881205e728bfe9c2c63b620e4b976e
      size: 664306
  cycles_simules:
    cmd:
    - python scripts/scorer_cycle.py --cycle m1_stable --export 
      data/production/m1_stable/export_crm.csv
    - python scripts/scorer_cycle.py --cycle m1_derive --export 
      data/production/m1_derive/export_crm.csv
    deps:
    - path: Examen_cas d'usage candidat/catalogue_plans.csv
      hash: md5
      md5: 6e1d25ff7514ef0766625891ac1dac57
      size: 203
    - path: data/gold/clients_churn_gold_v2.parquet
      hash: md5
      md5: 87bf854eb19f70016661397341845d24
      size: 200436
    - path: data/model_v2/explication_reference.json
      hash: md5
      md5: 1f15afafa31ce8269f035f3b44893496
      size: 5804
    - path: data/model_v2/metrics.json
      hash: md5
      md5: e6768678bc0dc5fe9765cb33fa79b3b6
      size: 435
    - path: data/model_v2/model.joblib
      hash: md5
      md5: 4ab0ed181cab6c9df936ac05ca4d12fa
      size: 6058
    - path: data/model_v2/model_clv.joblib
      hash: md5
      md5: 04a4f9baee362ad4591a5c34f96c6310
      size: 1467186
    - path: data/model_v2/model_manifest.json
      hash: md5
      md5: ac5042d5423a7d6fb0a3ff91c663be72
      size: 2119
    - path: data/model_v2/scoring_manifest.json
      hash: md5
      md5: 64bf5910a1673c61de282a761f33723f
      size: 841
    - path: data/production/m1_derive/export_crm.csv
      hash: md5
      md5: bbef61976a9a0baa7d0d32407511ac99
      size: 667978
    - path: data/production/m1_stable/export_crm.csv
      hash: md5
      md5: a2881205e728bfe9c2c63b620e4b976e
      size: 664306
    - path: scripts/scorer_cycle.py
      hash: md5
      md5: ad2e31b21b59993bb952e77cf28b0d35
      size: 7246
    - path: src/drift.py
      hash: md5
      md5: ebb4e5c2cb4a3cdcb42279bb37a89933
      size: 2830
    - path: src/evaluation.py
      hash: md5
      md5: dd686ed6d6c81f310804cb0516bab1b1
      size: 8757
    - path: src/explain.py
      hash: md5
      md5: 207035af2a9f2dee8a9ad85abf416672
      size: 21593
    - path: src/features.py
      hash: md5
      md5: 7d1335d3dc6215bdeb3533e83f730366
      size: 4575
    - path: src/mesure_impact.py
      hash: md5
      md5: 784997ae1c4d7875ddb352ec517869b3
      size: 13194
    - path: src/production.py
      hash: md5
      md5: 807722aa99ed7c4c435c7a8ea1168b39
      size: 9547
    - path: src/scoring.py
      hash: md5
      md5: 436623d5635302ac83e91146054afd02
      size: 5417
    - path: src/silver.py
      hash: md5
      md5: 2754b0cf2c55f474210fa649c8731ae1
      size: 7912
    outs:
    - path: data/production/journal_scores.jsonl
      hash: md5
      md5: 3e0633e9b5affed8f551c0a511d7083b
      size: 2776
    - path: data/production/m1_derive/derive.json
      hash: md5
      md5: 4d0c9ada2e5e9606b2e09672ed40a169
      size: 1553
    - path: data/production/m1_derive/features.parquet
      hash: md5
      md5: 68751969f0c5d4f003edc72892a549d0
      size: 162191
    - path: data/production/m1_derive/liste_csm.parquet
      hash: md5
      md5: 336de75bcdb3a45b24083749c683f1f9
      size: 80879
    - path: data/production/m1_stable/derive.json
      hash: md5
      md5: 07e16f26dee0509ef72a4d2fb929180f
      size: 1557
    - path: data/production/m1_stable/features.parquet
      hash: md5
      md5: ab5f00939e1d3f35a68b79e853c850a9
      size: 164253
    - path: data/production/m1_stable/liste_csm.parquet
      hash: md5
      md5: 816623885a366fc42537fe93e77e9886
      size: 80268
    - path: data/production/scores
      hash: md5
      md5: 02375fe2d9582ea9ea53e4666668173d.dir
      size: 81594
      nfiles: 2
